
Microsoft Visual Studio Solution File, Format Version 12.00
# Visual Studio Version 17
VisualStudioVersion = 17.2.32630.192
MinimumVisualStudioVersion = 10.0.40219.1
Project("{9A19103F-16F7-4668-BE54-9A1E7A4F7556}") = "SimplePaymentFlow.Api", "SimplePaymentFlow.Api\SimplePaymentFlow.Api.csproj", "{4679FF80-0BB9-4022-9A31-503A80756EF4}"
EndProject
Project("{9A19103F-16F7-4668-BE54-9A1E7A4F7556}") = "SimplePaymentFlow.Persistence", "SimplePaymentFlow.Persistence\SimplePaymentFlow.Persistence.csproj", "{2E2D9049-E00C-4B34-AF43-FE806794B077}"
EndProject
Project("{9A19103F-16F7-4668-BE54-9A1E7A4F7556}") = "SimplePaymentFlow.Domain", "SimplePaymentFlow.Domain\SimplePaymentFlow.Domain.csproj", "{5E96617E-B48C-4823-9966-D2D80D49FD76}"
EndProject
Project("{9A19103F-16F7-4668-BE54-9A1E7A4F7556}") = "SimplePaymentFlow.UseCases", "SimplePaymentFlow.UseCases\SimplePaymentFlow.UseCases.csproj", "{7E65700F-E3E1-4DE8-A1C8-FFE50AB1779E}"
EndProject
Project("{FAE04EC0-301F-11D3-BF4B-00C04F79EFBC}") = "SimplePaymentFlow.Tests", "SimplePaymentFlow.Tests\SimplePaymentFlow.Tests.csproj", "{A3FA5B30-5BE5-4AFD-A8BD-DC90564924A5}"
EndProject
Global
	GlobalSection(SolutionConfigurationPlatforms) = preSolution
		Debug|Any CPU = Debug|Any CPU
		Release|Any CPU = Release|Any CPU
	EndGlobalSection
	GlobalSection(ProjectConfigurationPlatforms) = postSolution
		{4679FF80-0BB9-4022-9A31-503A80756EF4}.Debug|Any CPU.ActiveCfg = Debug|Any CPU
		{4679FF80-0BB9-4022-9A31-503A80756EF4}.Debug|Any CPU.Build.0 = Debug|Any CPU
		{4679FF80-0BB9-4022-9A31-503A80756EF4}.Release|Any CPU.ActiveCfg = Release|Any CPU
		{4679FF80-0BB9-4022-9A31-503A80756EF4}.Release|Any CPU.Build.0 = Release|Any CPU
		{2E2D9049-E00C-4B34-AF43-FE806794B077}.Debug|Any CPU.ActiveCfg = Debug|Any CPU
		{2E2D9049-E00C-4B34-AF43-FE806794B077}.Debug|Any CPU.Build.0 = Debug|Any CPU
		{2E2D9049-E00C-4B34-AF43-FE806794B077}.Release|Any CPU.ActiveCfg = Release|Any CPU
		{2E2D9049-E00C-4B34-AF43-FE806794B077}.Release|Any CPU.Build.0 = Release|Any CPU
		{5E96617E-B48C-4823-9966-D2D80D49FD76}.Debug|Any CPU.ActiveCfg = Debug|Any CPU
		{5E96617E-B48C-4823-9966-D2D80D49FD76}.Debug|Any CPU.Build.0 = Debug|Any CPU
		{5E96617E-B48C-4823-9966-D2D80D49FD76}.Release|Any CPU.ActiveCfg = Release|Any CPU
		{5E96617E-B48C-4823-9966-D2D80D49FD76}.Release|Any CPU.Build.0 = Release|Any CPU
		{7E65700F-E3E1-4DE8-A1C8-FFE50AB1779E}.Debug|Any CPU.ActiveCfg = Debug|Any CPU
		{7E65700F-E3E1-4DE8-A1C8-FFE50AB1779E}.Debug|Any CPU.Build.0 = Debug|Any CPU
		{7E65700F-E3E1-4DE8-A1C8-FFE50AB1779E}.Release|Any CPU.ActiveCfg = Release|Any CPU
		{7E65700F-E3E1-4DE8-A1C8-FFE50AB1779E}.Release|Any CPU.Build.0 = Release|Any CPU
		{A3FA5B30-5BE5-4AFD-A8BD-DC90564924A5}.Debug|Any CPU.ActiveCfg = Debug|Any CPU
		{A3FA5B30-5BE5-4AFD-A8BD-DC90564924A5}.Debug|Any CPU.Build.0 = Debug|Any CPU
		{A3FA5B30-5BE5-4AFD-A8BD-DC90564924A5}.Release|Any CPU.ActiveCfg = Release|Any CPU
		{A3FA5B30-5BE5-4AFD-A8BD-DC90564924A5}.Release|Any CPU.Build.0 = Release|Any CPU
	EndGlobalSection
	GlobalSection(SolutionProperties) = preSolution
		HideSolutionNode = FALSE
	EndGlobalSection
	GlobalSection(ExtensibilityGlobals) = postSolution
		SolutionGuid = {BEC55C66-3213-48B1-B03E-D040A786E738}
	EndGlobalSection
EndGlobal
